
Microsoft Visual Studio Solution File, Format Version 12.00
# Visual Studio 15
VisualStudioVersion = 15.0.28307.1259
MinimumVisualStudioVersion = 10.0.40219.1
Project("{FAE04EC0-301F-11D3-BF4B-00C04F79EFBC}") = "EgwBuilderRunner", "EgwBuilderRunner\EgwBuilderRunner.csproj", "{84049410-E451-4BCB-9EC5-CCDA9BB64ADD}"
EndProject
Global
	GlobalSection(SolutionConfigurationPlatforms) = preSolution
		Debug|Any CPU = Debug|Any CPU
		Release|Any CPU = Release|Any CPU
	EndGlobalSection
	GlobalSection(ProjectConfigurationPlatforms) = postSolution
		{84049410-E451-4BCB-9EC5-CCDA9BB64ADD}.Debug|Any CPU.ActiveCfg = Debug|Any CPU
		{84049410-E451-4BCB-9EC5-CCDA9BB64ADD}.Debug|Any CPU.Build.0 = Debug|Any CPU
		{84049410-E451-4BCB-9EC5-CCDA9BB64ADD}.Release|Any CPU.ActiveCfg = Release|Any CPU
		{84049410-E451-4BCB-9EC5-CCDA9BB64ADD}.Release|Any CPU.Build.0 = Release|Any CPU
	EndGlobalSection
	GlobalSection(SolutionProperties) = preSolution
		HideSolutionNode = FALSE
	EndGlobalSection
	GlobalSection(ExtensibilityGlobals) = postSolution
		SolutionGuid = {ED857261-4A9D-49F8-870D-923F0CADF469}
	EndGlobalSection
EndGlobal
